# THIS IS AN AUTOGENERATED FILE. DO NOT EDIT THIS FILE DIRECTLY.
# yarn lockfile v1


lil-gui@^0.18.2:
  version "0.18.2"
  resolved "https://registry.yarnpkg.com/lil-gui/-/lil-gui-0.18.2.tgz#e28a627be6a38bb80e9237817ad2c530eeb76279"
  integrity sha512-DgdrLy3/KGC0PiQLKgOcJMPItP4xY4iWgJ9+91Zaxfr8GCTmMps05QS9w9jW7yspILlbscbquwjOwxmWnSx5Uw==

three@^0.154.0:
  version "0.154.0"
  resolved "https://registry.yarnpkg.com/three/-/three-0.154.0.tgz#dbef21e10fe6015ec283acc60d0eb58733991e27"
  integrity sha512-Uzz8C/5GesJzv8i+Y2prEMYUwodwZySPcNhuJUdsVMH2Yn4Nm8qlbQe6qRN5fOhg55XB0WiLfTPBxVHxpE60ug==
